// !$*UTF8*$!
{
	archiveVersion = 1;
	classes = {
	};
	objectVersion = 50;
	objects = {

/* Begin PBXBuildFile section */
		16E0A66122409320001F1728 /* Candidates.xcdatamodeld in Sources */ = {isa = PBXBuildFile; fileRef = 16E0A65F22409320001F1728 /* Candidates.xcdatamodeld */; };
		16E0A6632240CF75001F1728 /* MainViewController.swift in Sources */ = {isa = PBXBuildFile; fileRef = 16E0A6622240CF75001F1728 /* MainViewController.swift */; };
		16E0A6662240D4D1001F1728 /* DataModel.swift in Sources */ = {isa = PBXBuildFile; fileRef = 16E0A6652240D4D1001F1728 /* DataModel.swift */; };
		16E0A66B2241CCF5001F1728 /* RecordsListViewController.swift in Sources */ = {isa = PBXBuildFile; fileRef = 16E0A66A2241CCF5001F1728 /* RecordsListViewController.swift */; };
		16E0A66E2241CE97001F1728 /* Segue.swift in Sources */ = {isa = PBXBuildFile; fileRef = 16E0A66D2241CE97001F1728 /* Segue.swift */; };
		16E0A6702241E119001F1728 /* RecordListCell.swift in Sources */ = {isa = PBXBuildFile; fileRef = 16E0A66F2241E119001F1728 /* RecordListCell.swift */; };
		16F3C1AE223F486400032594 /* AppDelegate.swift in Sources */ = {isa = PBXBuildFile; fileRef = 16F3C1AD223F486400032594 /* AppDelegate.swift */; };
		16F3C1B3223F486400032594 /* Main.storyboard in Resources */ = {isa = PBXBuildFile; fileRef = 16F3C1B1223F486400032594 /* Main.storyboard */; };
		16F3C1B5223F486500032594 /* Assets.xcassets in Resources */ = {isa = PBXBuildFile; fileRef = 16F3C1B4223F486500032594 /* Assets.xcassets */; };
		16F3C1B8223F486500032594 /* LaunchScreen.storyboard in Resources */ = {isa = PBXBuildFile; fileRef = 16F3C1B6223F486500032594 /* LaunchScreen.storyboard */; };
		16F3C1C7223F833000032594 /* CoreDataManager.swift in Sources */ = {isa = PBXBuildFile; fileRef = 16F3C1C6223F833000032594 /* CoreDataManager.swift */; };
/* End PBXBuildFile section */

/* Begin PBXFileReference section */
		16E0A66022409320001F1728 /* Candidates.xcdatamodel */ = {isa = PBXFileReference; lastKnownFileType = wrapper.xcdatamodel; path = Candidates.xcdatamodel; sourceTree = "<group>"; };
		16E0A6622240CF75001F1728 /* MainViewController.swift */ = {isa = PBXFileReference; lastKnownFileType = sourcecode.swift; path = MainViewController.swift; sourceTree = "<group>"; };
		16E0A6652240D4D1001F1728 /* DataModel.swift */ = {isa = PBXFileReference; lastKnownFileType = sourcecode.swift; path = DataModel.swift; sourceTree = "<group>"; };
		16E0A66A2241CCF5001F1728 /* RecordsListViewController.swift */ = {isa = PBXFileReference; lastKnownFileType = sourcecode.swift; path = RecordsListViewController.swift; sourceTree = "<group>"; };
		16E0A66D2241CE97001F1728 /* Segue.swift */ = {isa = PBXFileReference; lastKnownFileType = sourcecode.swift; path = Segue.swift; sourceTree = "<group>"; };
		16E0A66F2241E119001F1728 /* RecordListCell.swift */ = {isa = PBXFileReference; lastKnownFileType = sourcecode.swift; path = RecordListCell.swift; sourceTree = "<group>"; };
		16F3C1AA223F486400032594 /* AbilityTest.app */ = {isa = PBXFileReference; explicitFileType = wrapper.application; includeInIndex = 0; path = AbilityTest.app; sourceTree = BUILT_PRODUCTS_DIR; };
		16F3C1AD223F486400032594 /* AppDelegate.swift */ = {isa = PBXFileReference; lastKnownFileType = sourcecode.swift; path = AppDelegate.swift; sourceTree = "<group>"; };
		16F3C1B2223F486400032594 /* Base */ = {isa = PBXFileReference; lastKnownFileType = file.storyboard; name = Base; path = Base.lproj/Main.storyboard; sourceTree = "<group>"; };
		16F3C1B4223F486500032594 /* Assets.xcassets */ = {isa = PBXFileReference; lastKnownFileType = folder.assetcatalog; path = Assets.xcassets; sourceTree = "<group>"; };
		16F3C1B7223F486500032594 /* Base */ = {isa = PBXFileReference; lastKnownFileType = file.storyboard; name = Base; path = Base.lproj/LaunchScreen.storyboard; sourceTree = "<group>"; };
		16F3C1B9223F486500032594 /* Info.plist */ = {isa = PBXFileReference; lastKnownFileType = text.plist.xml; path = Info.plist; sourceTree = "<group>"; };
		16F3C1C6223F833000032594 /* CoreDataManager.swift */ = {isa = PBXFileReference; lastKnownFileType = sourcecode.swift; path = CoreDataManager.swift; sourceTree = "<group>"; };
/* End PBXFileReference section */

/* Begin PBXFrameworksBuildPhase section */
		16F3C1A7223F486400032594 /* Frameworks */ = {
			isa = PBXFrameworksBuildPhase;
			buildActionMask = 2147483647;
			files = (
			);
			runOnlyForDeploymentPostprocessing = 0;
		};
/* End PBXFrameworksBuildPhase section */

/* Begin PBXGroup section */
		16E0A65E224092DB001F1728 /* Data Model */ = {
			isa = PBXGroup;
			children = (
				16E0A65F22409320001F1728 /* Candidates.xcdatamodeld */,
				16E0A6652240D4D1001F1728 /* DataModel.swift */,
			);
			path = "Data Model";
			sourceTree = "<group>";
		};
		16E0A6642240CFE4001F1728 /* Main View Controller */ = {
			isa = PBXGroup;
			children = (
				16E0A6622240CF75001F1728 /* MainViewController.swift */,
			);
			path = "Main View Controller";
			sourceTree = "<group>";
		};
		16E0A6672241CCA2001F1728 /* Records View Controller */ = {
			isa = PBXGroup;
			children = (
				16E0A6692241CCD7001F1728 /* Detail View Controller */,
				16E0A6682241CCC8001F1728 /* Records List View Controller */,
			);
			path = "Records View Controller";
			sourceTree = "<group>";
		};
		16E0A6682241CCC8001F1728 /* Records List View Controller */ = {
			isa = PBXGroup;
			children = (
				16E0A66A2241CCF5001F1728 /* RecordsListViewController.swift */,
				16E0A66F2241E119001F1728 /* RecordListCell.swift */,
			);
			path = "Records List View Controller";
			sourceTree = "<group>";
		};
		16E0A6692241CCD7001F1728 /* Detail View Controller */ = {
			isa = PBXGroup;
			children = (
			);
			path = "Detail View Controller";
			sourceTree = "<group>";
		};
		16E0A66C2241CE8D001F1728 /* Segue */ = {
			isa = PBXGroup;
			children = (
				16E0A66D2241CE97001F1728 /* Segue.swift */,
			);
			path = Segue;
			sourceTree = "<group>";
		};
		16F3C1A1223F486400032594 = {
			isa = PBXGroup;
			children = (
				16F3C1AC223F486400032594 /* AbilityTest */,
				16F3C1AB223F486400032594 /* Products */,
			);
			sourceTree = "<group>";
		};
		16F3C1AB223F486400032594 /* Products */ = {
			isa = PBXGroup;
			children = (
				16F3C1AA223F486400032594 /* AbilityTest.app */,
			);
			name = Products;
			sourceTree = "<group>";
		};
		16F3C1AC223F486400032594 /* AbilityTest */ = {
			isa = PBXGroup;
			children = (
				16E0A65E224092DB001F1728 /* Data Model */,
				16F3C1C4223F809800032594 /* Managers */,
				16F3C1C3223F808500032594 /* Supporting Files */,
				16F3C1C2223F805700032594 /* Resources */,
				16F3C1C1223F7FFB00032594 /* Storyboards */,
				16F3C1C0223F7FE200032594 /* View Controllers */,
				16F3C1BF223F7FC500032594 /* Application Delegate */,
			);
			path = AbilityTest;
			sourceTree = "<group>";
		};
		16F3C1BF223F7FC500032594 /* Application Delegate */ = {
			isa = PBXGroup;
			children = (
				16F3C1AD223F486400032594 /* AppDelegate.swift */,
			);
			path = "Application Delegate";
			sourceTree = "<group>";
		};
		16F3C1C0223F7FE200032594 /* View Controllers */ = {
			isa = PBXGroup;
			children = (
				16E0A66C2241CE8D001F1728 /* Segue */,
				16E0A6672241CCA2001F1728 /* Records View Controller */,
				16E0A6642240CFE4001F1728 /* Main View Controller */,
			);
			path = "View Controllers";
			sourceTree = "<group>";
		};
		16F3C1C1223F7FFB00032594 /* Storyboards */ = {
			isa = PBXGroup;
			children = (
				16F3C1B1223F486400032594 /* Main.storyboard */,
				16F3C1B6223F486500032594 /* LaunchScreen.storyboard */,
			);
			path = Storyboards;
			sourceTree = "<group>";
		};
		16F3C1C2223F805700032594 /* Resources */ = {
			isa = PBXGroup;
			children = (
				16F3C1B4223F486500032594 /* Assets.xcassets */,
			);
			path = Resources;
			sourceTree = "<group>";
		};
		16F3C1C3223F808500032594 /* Supporting Files */ = {
			isa = PBXGroup;
			children = (
				16F3C1B9223F486500032594 /* Info.plist */,
			);
			path = "Supporting Files";
			sourceTree = "<group>";
		};
		16F3C1C4223F809800032594 /* Managers */ = {
			isa = PBXGroup;
			children = (
				16F3C1C6223F833000032594 /* CoreDataManager.swift */,
			);
			path = Managers;
			sourceTree = "<group>";
		};
/* End PBXGroup section */

/* Begin PBXNativeTarget section */
		16F3C1A9223F486400032594 /* AbilityTest */ = {
			isa = PBXNativeTarget;
			buildConfigurationList = 16F3C1BC223F486500032594 /* Build configuration list for PBXNativeTarget "AbilityTest" */;
			buildPhases = (
				16F3C1A6223F486400032594 /* Sources */,
				16F3C1A7223F486400032594 /* Frameworks */,
				16F3C1A8223F486400032594 /* Resources */,
			);
			buildRules = (
			);
			dependencies = (
			);
			name = AbilityTest;
			productName = AbilityTest;
			productReference = 16F3C1AA223F486400032594 /* AbilityTest.app */;
			productType = "com.apple.product-type.application";
		};
/* End PBXNativeTarget section */

/* Begin PBXProject section */
		16F3C1A2223F486400032594 /* Project object */ = {
			isa = PBXProject;
			attributes = {
				LastSwiftUpdateCheck = 1000;
				LastUpgradeCheck = 1000;
				ORGANIZATIONNAME = "Chase Choi";
				TargetAttributes = {
					16F3C1A9223F486400032594 = {
						CreatedOnToolsVersion = 10.0;
					};
				};
			};
			buildConfigurationList = 16F3C1A5223F486400032594 /* Build configuration list for PBXProject "AbilityTest" */;
			compatibilityVersion = "Xcode 9.3";
			developmentRegion = en;
			hasScannedForEncodings = 0;
			knownRegions = (
				en,
				Base,
			);
			mainGroup = 16F3C1A1223F486400032594;
			productRefGroup = 16F3C1AB223F486400032594 /* Products */;
			projectDirPath = "";
			projectRoot = "";
			targets = (
				16F3C1A9223F486400032594 /* AbilityTest */,
			);
		};
/* End PBXProject section */

/* Begin PBXResourcesBuildPhase section */
		16F3C1A8223F486400032594 /* Resources */ = {
			isa = PBXResourcesBuildPhase;
			buildActionMask = 2147483647;
			files = (
				16F3C1B8223F486500032594 /* LaunchScreen.storyboard in Resources */,
				16F3C1B5223F486500032594 /* Assets.xcassets in Resources */,
				16F3C1B3223F486400032594 /* Main.storyboard in Resources */,
			);
			runOnlyForDeploymentPostprocessing = 0;
		};
/* End PBXResourcesBuildPhase section */

/* Begin PBXSourcesBuildPhase section */
		16F3C1A6223F486400032594 /* Sources */ = {
			isa = PBXSourcesBuildPhase;
			buildActionMask = 2147483647;
			files = (
				16E0A6662240D4D1001F1728 /* DataModel.swift in Sources */,
				16F3C1C7223F833000032594 /* CoreDataManager.swift in Sources */,
				16E0A6702241E119001F1728 /* RecordListCell.swift in Sources */,
				16F3C1AE223F486400032594 /* AppDelegate.swift in Sources */,
				16E0A66B2241CCF5001F1728 /* RecordsListViewController.swift in Sources */,
				16E0A66122409320001F1728 /* Candidates.xcdatamodeld in Sources */,
				16E0A66E2241CE97001F1728 /* Segue.swift in Sources */,
				16E0A6632240CF75001F1728 /* MainViewController.swift in Sources */,
			);
			runOnlyForDeploymentPostprocessing = 0;
		};
/* End PBXSourcesBuildPhase section */

/* Begin PBXVariantGroup section */
		16F3C1B1223F486400032594 /* Main.storyboard */ = {
			isa = PBXVariantGroup;
			children = (
				16F3C1B2223F486400032594 /* Base */,
			);
			name = Main.storyboard;
			sourceTree = "<group>";
		};
		16F3C1B6223F486500032594 /* LaunchScreen.storyboard */ = {
			isa = PBXVariantGroup;
			children = (
				16F3C1B7223F486500032594 /* Base */,
			);
			name = LaunchScreen.storyboard;
			sourceTree = "<group>";
		};
/* End PBXVariantGroup section */

/* Begin XCBuildConfiguration section */
		16F3C1BA223F486500032594 /* Debug */ = {
			isa = XCBuildConfiguration;
			buildSettings = {
				ALWAYS_SEARCH_USER_PATHS = NO;
				CLANG_ANALYZER_NONNULL = YES;
				CLANG_ANALYZER_NUMBER_OBJECT_CONVERSION = YES_AGGRESSIVE;
				CLANG_CXX_LANGUAGE_STANDARD = "gnu++14";
				CLANG_CXX_LIBRARY = "libc++";
				CLANG_ENABLE_MODULES = YES;
				CLANG_ENABLE_OBJC_ARC = YES;
				CLANG_ENABLE_OBJC_WEAK = YES;
				CLANG_WARN_BLOCK_CAPTURE_AUTORELEASING = YES;
				CLANG_WARN_BOOL_CONVERSION = YES;
				CLANG_WARN_COMMA = YES;
				CLANG_WARN_CONSTANT_CONVERSION = YES;
				CLANG_WARN_DEPRECATED_OBJC_IMPLEMENTATIONS = YES;
				CLANG_WARN_DIRECT_OBJC_ISA_USAGE = YES_ERROR;
				CLANG_WARN_DOCUMENTATION_COMMENTS = YES;
				CLANG_WARN_EMPTY_BODY = YES;
				CLANG_WARN_ENUM_CONVERSION = YES;
				CLANG_WARN_INFINITE_RECURSION = YES;
				CLANG_WARN_INT_CONVERSION = YES;
				CLANG_WARN_NON_LITERAL_NULL_CONVERSION = YES;
				CLANG_WARN_OBJC_IMPLICIT_RETAIN_SELF = YES;
				CLANG_WARN_OBJC_LITERAL_CONVERSION = YES;
				CLANG_WARN_OBJC_ROOT_CLASS = YES_ERROR;
				CLANG_WARN_RANGE_LOOP_ANALYSIS = YES;
				CLANG_WARN_STRICT_PROTOTYPES = YES;
				CLANG_WARN_SUSPICIOUS_MOVE = YES;
				CLANG_WARN_UNGUARDED_AVAILABILITY = YES_AGGRESSIVE;
				CLANG_WARN_UNREACHABLE_CODE = YES;
				CLANG_WARN__DUPLICATE_METHOD_MATCH = YES;
				CODE_SIGN_IDENTITY = "iPhone Developer";
				COPY_PHASE_STRIP = NO;
				DEBUG_INFORMATION_FORMAT = dwarf;
				ENABLE_STRICT_OBJC_MSGSEND = YES;
				ENABLE_TESTABILITY = YES;
				GCC_C_LANGUAGE_STANDARD = gnu11;
				GCC_DYNAMIC_NO_PIC = NO;
				GCC_NO_COMMON_BLOCKS = YES;
				GCC_OPTIMIZATION_LEVEL = 0;
				GCC_PREPROCESSOR_DEFINITIONS = (
					"DEBUG=1",
					"$(inherited)",
				);
				GCC_WARN_64_TO_32_BIT_CONVERSION = YES;
				GCC_WARN_ABOUT_RETURN_TYPE = YES_ERROR;
				GCC_WARN_UNDECLARED_SELECTOR = YES;
				GCC_WARN_UNINITIALIZED_AUTOS = YES_AGGRESSIVE;
				GCC_WARN_UNUSED_FUNCTION = YES;
				GCC_WARN_UNUSED_VARIABLE = YES;
				IPHONEOS_DEPLOYMENT_TARGET = 12.0;
				MTL_ENABLE_DEBUG_INFO = INCLUDE_SOURCE;
				MTL_FAST_MATH = YES;
				ONLY_ACTIVE_ARCH = YES;
				SDKROOT = iphoneos;
				SWIFT_ACTIVE_COMPILATION_CONDITIONS = DEBUG;
				SWIFT_OPTIMIZATION_LEVEL = "-Onone";
			};
			name = Debug;
		};
		16F3C1BB223F486500032594 /* Release */ = {
			isa = XCBuildConfiguration;
			buildSettings = {
				ALWAYS_SEARCH_USER_PATHS = NO;
				CLANG_ANALYZER_NONNULL = YES;
				CLANG_ANALYZER_NUMBER_OBJECT_CONVERSION = YES_AGGRESSIVE;
				CLANG_CXX_LANGUAGE_STANDARD = "gnu++14";
				CLANG_CXX_LIBRARY = "libc++";
				CLANG_ENABLE_MODULES = YES;
				CLANG_ENABLE_OBJC_ARC = YES;
				CLANG_ENABLE_OBJC_WEAK = YES;
				CLANG_WARN_BLOCK_CAPTURE_AUTORELEASING = YES;
				CLANG_WARN_BOOL_CONVERSION = YES;
				CLANG_WARN_COMMA = YES;
				CLANG_WARN_CONSTANT_CONVERSION = YES;
				CLANG_WARN_DEPRECATED_OBJC_IMPLEMENTATIONS = YES;
				CLANG_WARN_DIRECT_OBJC_ISA_USAGE = YES_ERROR;
				CLANG_WARN_DOCUMENTATION_COMMENTS = YES;
				CLANG_WARN_EMPTY_BODY = YES;
				CLANG_WARN_ENUM_CONVERSION = YES;
				CLANG_WARN_INFINITE_RECURSION = YES;
				CLANG_WARN_INT_CONVERSION = YES;
				CLANG_WARN_NON_LITERAL_NULL_CONVERSION = YES;
				CLANG_WARN_OBJC_IMPLICIT_RETAIN_SELF = YES;
				CLANG_WARN_OBJC_LITERAL_CONVERSION = YES;
				CLANG_WARN_OBJC_ROOT_CLASS = YES_ERROR;
				CLANG_WARN_RANGE_LOOP_ANALYSIS = YES;
				CLANG_WARN_STRICT_PROTOTYPES = YES;
				CLANG_WARN_SUSPICIOUS_MOVE = YES;
				CLANG_WARN_UNGUARDED_AVAILABILITY = YES_AGGRESSIVE;
				CLANG_WARN_UNREACHABLE_CODE = YES;
				CLANG_WARN__DUPLICATE_METHOD_MATCH = YES;
				CODE_SIGN_IDENTITY = "iPhone Developer";
				COPY_PHASE_STRIP = NO;
				DEBUG_INFORMATION_FORMAT = "dwarf-with-dsym";
				ENABLE_NS_ASSERTIONS = NO;
				ENABLE_STRICT_OBJC_MSGSEND = YES;
				GCC_C_LANGUAGE_STANDARD = gnu11;
				GCC_NO_COMMON_BLOCKS = YES;
				GCC_WARN_64_TO_32_BIT_CONVERSION = YES;
				GCC_WARN_ABOUT_RETURN_TYPE = YES_ERROR;
				GCC_WARN_UNDECLARED_SELECTOR = YES;
				GCC_WARN_UNINITIALIZED_AUTOS = YES_AGGRESSIVE;
				GCC_WARN_UNUSED_FUNCTION = YES;
				GCC_WARN_UNUSED_VARIABLE = YES;
				IPHONEOS_DEPLOYMENT_TARGET = 12.0;
				MTL_ENABLE_DEBUG_INFO = NO;
				MTL_FAST_MATH = YES;
				SDKROOT = iphoneos;
				SWIFT_COMPILATION_MODE = wholemodule;
				SWIFT_OPTIMIZATION_LEVEL = "-O";
				VALIDATE_PRODUCT = YES;
			};
			name = Release;
		};
		16F3C1BD223F486500032594 /* Debug */ = {
			isa = XCBuildConfiguration;
			buildSettings = {
				ASSETCATALOG_COMPILER_APPICON_NAME = AppIcon;
				CODE_SIGN_IDENTITY = "iPhone Developer";
				CODE_SIGN_STYLE = Automatic;
				DEVELOPMENT_TEAM = E9875RFG2Y;
				INFOPLIST_FILE = "AbilityTest/Supporting Files/Info.plist";
				LD_RUNPATH_SEARCH_PATHS = (
					"$(inherited)",
					"@executable_path/Frameworks",
				);
				PRODUCT_BUNDLE_IDENTIFIER = ChaseStudio.AbilityTest;
				PRODUCT_NAME = "$(TARGET_NAME)";
				PROVISIONING_PROFILE_SPECIFIER = "";
				SWIFT_VERSION = 4.2;
				TARGETED_DEVICE_FAMILY = 2;
			};
			name = Debug;
		};
		16F3C1BE223F486500032594 /* Release */ = {
			isa = XCBuildConfiguration;
			buildSettings = {
				ASSETCATALOG_COMPILER_APPICON_NAME = AppIcon;
				CODE_SIGN_IDENTITY = "iPhone Developer";
				CODE_SIGN_STYLE = Automatic;
				DEVELOPMENT_TEAM = E9875RFG2Y;
				INFOPLIST_FILE = "AbilityTest/Supporting Files/Info.plist";
				LD_RUNPATH_SEARCH_PATHS = (
					"$(inherited)",
					"@executable_path/Frameworks",
				);
				PRODUCT_BUNDLE_IDENTIFIER = ChaseStudio.AbilityTest;
				PRODUCT_NAME = "$(TARGET_NAME)";
				PROVISIONING_PROFILE_SPECIFIER = "";
				SWIFT_VERSION = 4.2;
				TARGETED_DEVICE_FAMILY = 2;
			};
			name = Release;
		};
/* End XCBuildConfiguration section */

/* Begin XCConfigurationList section */
		16F3C1A5223F486400032594 /* Build configuration list for PBXProject "AbilityTest" */ = {
			isa = XCConfigurationList;
			buildConfigurations = (
				16F3C1BA223F486500032594 /* Debug */,
				16F3C1BB223F486500032594 /* Release */,
			);
			defaultConfigurationIsVisible = 0;
			defaultConfigurationName = Release;
		};
		16F3C1BC223F486500032594 /* Build configuration list for PBXNativeTarget "AbilityTest" */ = {
			isa = XCConfigurationList;
			buildConfigurations = (
				16F3C1BD223F486500032594 /* Debug */,
				16F3C1BE223F486500032594 /* Release */,
			);
			defaultConfigurationIsVisible = 0;
			defaultConfigurationName = Release;
		};
/* End XCConfigurationList section */

/* Begin XCVersionGroup section */
		16E0A65F22409320001F1728 /* Candidates.xcdatamodeld */ = {
			isa = XCVersionGroup;
			children = (
				16E0A66022409320001F1728 /* Candidates.xcdatamodel */,
			);
			currentVersion = 16E0A66022409320001F1728 /* Candidates.xcdatamodel */;
			path = Candidates.xcdatamodeld;
			sourceTree = "<group>";
			versionGroupType = wrapper.xcdatamodel;
		};
/* End XCVersionGroup section */
	};
	rootObject = 16F3C1A2223F486400032594 /* Project object */;
}
